
Microsoft Visual Studio Solution File, Format Version 12.00
# Visual Studio Version 16
VisualStudioVersion = 16.0.29025.244
MinimumVisualStudioVersion = 10.0.40219.1
Project("{FAE04EC0-301F-11D3-BF4B-00C04F79EFBC}") = "WebApp4I", "WebApp4I\WebApp4I.csproj", "{C7D1D4CD-662A-419C-8065-5B98F1316CEA}"
EndProject
Global
	GlobalSection(SolutionConfigurationPlatforms) = preSolution
		Debug|Any CPU = Debug|Any CPU
		Release|Any CPU = Release|Any CPU
	EndGlobalSection
	GlobalSection(ProjectConfigurationPlatforms) = postSolution
		{C7D1D4CD-662A-419C-8065-5B98F1316CEA}.Debug|Any CPU.ActiveCfg = Debug|Any CPU
		{C7D1D4CD-662A-419C-8065-5B98F1316CEA}.Debug|Any CPU.Build.0 = Debug|Any CPU
		{C7D1D4CD-662A-419C-8065-5B98F1316CEA}.Release|Any CPU.ActiveCfg = Release|Any CPU
		{C7D1D4CD-662A-419C-8065-5B98F1316CEA}.Release|Any CPU.Build.0 = Release|Any CPU
	EndGlobalSection
	GlobalSection(SolutionProperties) = preSolution
		HideSolutionNode = FALSE
	EndGlobalSection
	GlobalSection(ExtensibilityGlobals) = postSolution
		SolutionGuid = {FA64A688-6353-42F0-A756-C365AFC7B854}
	EndGlobalSection
EndGlobal
